// !$*UTF8*$!
{
	archiveVersion = 1;
	classes = {
	};
	objectVersion = 56;
	objects = {

/* Begin PBXBuildFile section */
		8A0BB8732BC17C5400AF7326 /* AppDelegate.swift in Sources */ = {isa = PBXBuildFile; fileRef = 8A0BB8722BC17C5400AF7326 /* AppDelegate.swift */; };
		8A0BB87C2BC17C5600AF7326 /* Assets.xcassets in Resources */ = {isa = PBXBuildFile; fileRef = 8A0BB87B2BC17C5600AF7326 /* Assets.xcassets */; };
		8A0BB87F2BC17C5600AF7326 /* Base in Resources */ = {isa = PBXBuildFile; fileRef = 8A0BB87E2BC17C5600AF7326 /* Base */; };
		8A0BB8892BC17F3300AF7326 /* SceneDelegate.swift in Sources */ = {isa = PBXBuildFile; fileRef = 8A0BB8882BC17F3300AF7326 /* SceneDelegate.swift */; };
		8A0BB8922BC18F1A00AF7326 /* Coordinator.swift in Sources */ = {isa = PBXBuildFile; fileRef = 8A0BB8912BC18F1A00AF7326 /* Coordinator.swift */; };
		8A0BB8942BC18F8900AF7326 /* AppCoordinator.swift in Sources */ = {isa = PBXBuildFile; fileRef = 8A0BB8932BC18F8900AF7326 /* AppCoordinator.swift */; };
		8A54E02C2BC6EC7900D307EB /* OnboardingCoordinator.swift in Sources */ = {isa = PBXBuildFile; fileRef = 8A54E02B2BC6EC7900D307EB /* OnboardingCoordinator.swift */; };
		8A54E02E2BC6EC8600D307EB /* OnboardingCoordinatorFactory.swift in Sources */ = {isa = PBXBuildFile; fileRef = 8A54E02D2BC6EC8600D307EB /* OnboardingCoordinatorFactory.swift */; };
		8A54E0312BC6ECC200D307EB /* OnboardingModuleFactory.swift in Sources */ = {isa = PBXBuildFile; fileRef = 8A54E0302BC6ECC200D307EB /* OnboardingModuleFactory.swift */; };
		8A54E0332BC6ECD000D307EB /* OnboardingPresenter.swift in Sources */ = {isa = PBXBuildFile; fileRef = 8A54E0322BC6ECD000D307EB /* OnboardingPresenter.swift */; };
		8A54E0352BC6ECDF00D307EB /* OnboardingViewController.swift in Sources */ = {isa = PBXBuildFile; fileRef = 8A54E0342BC6ECDF00D307EB /* OnboardingViewController.swift */; };
		8A54E0532BC8362600D307EB /* LoginCoordinator.swift in Sources */ = {isa = PBXBuildFile; fileRef = 8A54E0522BC8362600D307EB /* LoginCoordinator.swift */; };
		8A54E0562BC836D600D307EB /* LoginModuleFactory.swift in Sources */ = {isa = PBXBuildFile; fileRef = 8A54E0552BC836D600D307EB /* LoginModuleFactory.swift */; };
		8A54E0582BC8370A00D307EB /* EnterUsernamePresenter.swift in Sources */ = {isa = PBXBuildFile; fileRef = 8A54E0572BC8370A00D307EB /* EnterUsernamePresenter.swift */; };
		8A54E05A2BC8371400D307EB /* EnterUsernameViewController.swift in Sources */ = {isa = PBXBuildFile; fileRef = 8A54E0592BC8371400D307EB /* EnterUsernameViewController.swift */; };
		8A54E05D2BC8376B00D307EB /* User.swift in Sources */ = {isa = PBXBuildFile; fileRef = 8A54E05C2BC8376B00D307EB /* User.swift */; };
		8A54E05F2BC846A200D307EB /* EnterPasswordPresenter.swift in Sources */ = {isa = PBXBuildFile; fileRef = 8A54E05E2BC846A200D307EB /* EnterPasswordPresenter.swift */; };
		8A54E0612BC846B500D307EB /* EnterPasswordViewController.swift in Sources */ = {isa = PBXBuildFile; fileRef = 8A54E0602BC846B500D307EB /* EnterPasswordViewController.swift */; };
		8A54E0632BC863F700D307EB /* LoginSuccessPresenter.swift in Sources */ = {isa = PBXBuildFile; fileRef = 8A54E0622BC863F700D307EB /* LoginSuccessPresenter.swift */; };
		8A54E0652BC8640A00D307EB /* LoginSuccessViewController.swift in Sources */ = {isa = PBXBuildFile; fileRef = 8A54E0642BC8640A00D307EB /* LoginSuccessViewController.swift */; };
		8AF23EE92BC1B189008A3944 /* Module.swift in Sources */ = {isa = PBXBuildFile; fileRef = 8AF23EE82BC1B189008A3944 /* Module.swift */; };
		8AF23EEC2BC1B1D3008A3944 /* Routable.swift in Sources */ = {isa = PBXBuildFile; fileRef = 8AF23EEB2BC1B1D3008A3944 /* Routable.swift */; };
		8AF23EEE2BC1B782008A3944 /* Router.swift in Sources */ = {isa = PBXBuildFile; fileRef = 8AF23EED2BC1B782008A3944 /* Router.swift */; };
		8AF23F032BC2A1AC008A3944 /* ViewController.swift in Sources */ = {isa = PBXBuildFile; fileRef = 8AF23F022BC2A1AC008A3944 /* ViewController.swift */; };
		8AF23F052BC2A2EB008A3944 /* Presenter.swift in Sources */ = {isa = PBXBuildFile; fileRef = 8AF23F042BC2A2EB008A3944 /* Presenter.swift */; };
		8AF23F112BC409D6008A3944 /* WelcomeScreenCoordinatorOutput.swift in Sources */ = {isa = PBXBuildFile; fileRef = 8AF23F102BC409D6008A3944 /* WelcomeScreenCoordinatorOutput.swift */; };
		8AF23F132BC40A0C008A3944 /* WelcomeScreenCoordinator.swift in Sources */ = {isa = PBXBuildFile; fileRef = 8AF23F122BC40A0C008A3944 /* WelcomeScreenCoordinator.swift */; };
		8AF23F162BC40BBE008A3944 /* WelcomeScreenPresenter.swift in Sources */ = {isa = PBXBuildFile; fileRef = 8AF23F152BC40BBE008A3944 /* WelcomeScreenPresenter.swift */; };
		8AF23F182BC40BCC008A3944 /* WelcomeScreenView.swift in Sources */ = {isa = PBXBuildFile; fileRef = 8AF23F172BC40BCC008A3944 /* WelcomeScreenView.swift */; };
		8AF23F1C2BC4447E008A3944 /* WelcomeScreenCoordinatorFactory.swift in Sources */ = {isa = PBXBuildFile; fileRef = 8AF23F1B2BC4447E008A3944 /* WelcomeScreenCoordinatorFactory.swift */; };
		8AF23F1E2BC44B39008A3944 /* WelcomeScreenModuleFactory.swift in Sources */ = {isa = PBXBuildFile; fileRef = 8AF23F1D2BC44B39008A3944 /* WelcomeScreenModuleFactory.swift */; };
		8AF23F202BC44F42008A3944 /* WelcomeScreenModuleOutput.swift in Sources */ = {isa = PBXBuildFile; fileRef = 8AF23F1F2BC44F42008A3944 /* WelcomeScreenModuleOutput.swift */; };
		8AF23F222BC4575F008A3944 /* AppCoordinatorFactory.swift in Sources */ = {isa = PBXBuildFile; fileRef = 8AF23F212BC4575F008A3944 /* AppCoordinatorFactory.swift */; };
		8AF23F292BC4688C008A3944 /* MainTabBarCoordinator.swift in Sources */ = {isa = PBXBuildFile; fileRef = 8AF23F282BC4688C008A3944 /* MainTabBarCoordinator.swift */; };
		8AF23F2B2BC46913008A3944 /* MainTabBarCoordinatorFactory.swift in Sources */ = {isa = PBXBuildFile; fileRef = 8AF23F2A2BC46913008A3944 /* MainTabBarCoordinatorFactory.swift */; };
		8AF23F2D2BC46F97008A3944 /* MainTabBarController.swift in Sources */ = {isa = PBXBuildFile; fileRef = 8AF23F2C2BC46F97008A3944 /* MainTabBarController.swift */; };
/* End PBXBuildFile section */

/* Begin PBXFileReference section */
		8A0BB86F2BC17C5400AF7326 /* Warehouse.app */ = {isa = PBXFileReference; explicitFileType = wrapper.application; includeInIndex = 0; path = Warehouse.app; sourceTree = BUILT_PRODUCTS_DIR; };
		8A0BB8722BC17C5400AF7326 /* AppDelegate.swift */ = {isa = PBXFileReference; lastKnownFileType = sourcecode.swift; path = AppDelegate.swift; sourceTree = "<group>"; };
		8A0BB87B2BC17C5600AF7326 /* Assets.xcassets */ = {isa = PBXFileReference; lastKnownFileType = folder.assetcatalog; path = Assets.xcassets; sourceTree = "<group>"; };
		8A0BB87E2BC17C5600AF7326 /* Base */ = {isa = PBXFileReference; lastKnownFileType = file.storyboard; name = Base; path = Base.lproj/LaunchScreen.storyboard; sourceTree = "<group>"; };
		8A0BB8802BC17C5600AF7326 /* Info.plist */ = {isa = PBXFileReference; lastKnownFileType = text.plist.xml; path = Info.plist; sourceTree = "<group>"; };
		8A0BB8882BC17F3300AF7326 /* SceneDelegate.swift */ = {isa = PBXFileReference; lastKnownFileType = sourcecode.swift; path = SceneDelegate.swift; sourceTree = "<group>"; };
		8A0BB8912BC18F1A00AF7326 /* Coordinator.swift */ = {isa = PBXFileReference; lastKnownFileType = sourcecode.swift; path = Coordinator.swift; sourceTree = "<group>"; };
		8A0BB8932BC18F8900AF7326 /* AppCoordinator.swift */ = {isa = PBXFileReference; lastKnownFileType = sourcecode.swift; path = AppCoordinator.swift; sourceTree = "<group>"; };
		8A54E02B2BC6EC7900D307EB /* OnboardingCoordinator.swift */ = {isa = PBXFileReference; lastKnownFileType = sourcecode.swift; path = OnboardingCoordinator.swift; sourceTree = "<group>"; };
		8A54E02D2BC6EC8600D307EB /* OnboardingCoordinatorFactory.swift */ = {isa = PBXFileReference; lastKnownFileType = sourcecode.swift; path = OnboardingCoordinatorFactory.swift; sourceTree = "<group>"; };
		8A54E0302BC6ECC200D307EB /* OnboardingModuleFactory.swift */ = {isa = PBXFileReference; lastKnownFileType = sourcecode.swift; path = OnboardingModuleFactory.swift; sourceTree = "<group>"; };
		8A54E0322BC6ECD000D307EB /* OnboardingPresenter.swift */ = {isa = PBXFileReference; lastKnownFileType = sourcecode.swift; path = OnboardingPresenter.swift; sourceTree = "<group>"; };
		8A54E0342BC6ECDF00D307EB /* OnboardingViewController.swift */ = {isa = PBXFileReference; lastKnownFileType = sourcecode.swift; path = OnboardingViewController.swift; sourceTree = "<group>"; };
		8A54E0522BC8362600D307EB /* LoginCoordinator.swift */ = {isa = PBXFileReference; lastKnownFileType = sourcecode.swift; path = LoginCoordinator.swift; sourceTree = "<group>"; };
		8A54E0552BC836D600D307EB /* LoginModuleFactory.swift */ = {isa = PBXFileReference; lastKnownFileType = sourcecode.swift; path = LoginModuleFactory.swift; sourceTree = "<group>"; };
		8A54E0572BC8370A00D307EB /* EnterUsernamePresenter.swift */ = {isa = PBXFileReference; lastKnownFileType = sourcecode.swift; path = EnterUsernamePresenter.swift; sourceTree = "<group>"; };
		8A54E0592BC8371400D307EB /* EnterUsernameViewController.swift */ = {isa = PBXFileReference; lastKnownFileType = sourcecode.swift; path = EnterUsernameViewController.swift; sourceTree = "<group>"; };
		8A54E05C2BC8376B00D307EB /* User.swift */ = {isa = PBXFileReference; lastKnownFileType = sourcecode.swift; path = User.swift; sourceTree = "<group>"; };
		8A54E05E2BC846A200D307EB /* EnterPasswordPresenter.swift */ = {isa = PBXFileReference; lastKnownFileType = sourcecode.swift; path = EnterPasswordPresenter.swift; sourceTree = "<group>"; };
		8A54E0602BC846B500D307EB /* EnterPasswordViewController.swift */ = {isa = PBXFileReference; lastKnownFileType = sourcecode.swift; path = EnterPasswordViewController.swift; sourceTree = "<group>"; };
		8A54E0622BC863F700D307EB /* LoginSuccessPresenter.swift */ = {isa = PBXFileReference; lastKnownFileType = sourcecode.swift; path = LoginSuccessPresenter.swift; sourceTree = "<group>"; };
		8A54E0642BC8640A00D307EB /* LoginSuccessViewController.swift */ = {isa = PBXFileReference; lastKnownFileType = sourcecode.swift; path = LoginSuccessViewController.swift; sourceTree = "<group>"; };
		8AF23EE82BC1B189008A3944 /* Module.swift */ = {isa = PBXFileReference; lastKnownFileType = sourcecode.swift; path = Module.swift; sourceTree = "<group>"; };
		8AF23EEB2BC1B1D3008A3944 /* Routable.swift */ = {isa = PBXFileReference; lastKnownFileType = sourcecode.swift; path = Routable.swift; sourceTree = "<group>"; };
		8AF23EED2BC1B782008A3944 /* Router.swift */ = {isa = PBXFileReference; lastKnownFileType = sourcecode.swift; path = Router.swift; sourceTree = "<group>"; };
		8AF23F022BC2A1AC008A3944 /* ViewController.swift */ = {isa = PBXFileReference; lastKnownFileType = sourcecode.swift; path = ViewController.swift; sourceTree = "<group>"; };
		8AF23F042BC2A2EB008A3944 /* Presenter.swift */ = {isa = PBXFileReference; lastKnownFileType = sourcecode.swift; path = Presenter.swift; sourceTree = "<group>"; };
		8AF23F102BC409D6008A3944 /* WelcomeScreenCoordinatorOutput.swift */ = {isa = PBXFileReference; lastKnownFileType = sourcecode.swift; path = WelcomeScreenCoordinatorOutput.swift; sourceTree = "<group>"; };
		8AF23F122BC40A0C008A3944 /* WelcomeScreenCoordinator.swift */ = {isa = PBXFileReference; lastKnownFileType = sourcecode.swift; path = WelcomeScreenCoordinator.swift; sourceTree = "<group>"; };
		8AF23F152BC40BBE008A3944 /* WelcomeScreenPresenter.swift */ = {isa = PBXFileReference; lastKnownFileType = sourcecode.swift; path = WelcomeScreenPresenter.swift; sourceTree = "<group>"; };
		8AF23F172BC40BCC008A3944 /* WelcomeScreenView.swift */ = {isa = PBXFileReference; lastKnownFileType = sourcecode.swift; path = WelcomeScreenView.swift; sourceTree = "<group>"; };
		8AF23F1B2BC4447E008A3944 /* WelcomeScreenCoordinatorFactory.swift */ = {isa = PBXFileReference; lastKnownFileType = sourcecode.swift; path = WelcomeScreenCoordinatorFactory.swift; sourceTree = "<group>"; };
		8AF23F1D2BC44B39008A3944 /* WelcomeScreenModuleFactory.swift */ = {isa = PBXFileReference; lastKnownFileType = sourcecode.swift; path = WelcomeScreenModuleFactory.swift; sourceTree = "<group>"; };
		8AF23F1F2BC44F42008A3944 /* WelcomeScreenModuleOutput.swift */ = {isa = PBXFileReference; lastKnownFileType = sourcecode.swift; path = WelcomeScreenModuleOutput.swift; sourceTree = "<group>"; };
		8AF23F212BC4575F008A3944 /* AppCoordinatorFactory.swift */ = {isa = PBXFileReference; lastKnownFileType = sourcecode.swift; path = AppCoordinatorFactory.swift; sourceTree = "<group>"; };
		8AF23F282BC4688C008A3944 /* MainTabBarCoordinator.swift */ = {isa = PBXFileReference; lastKnownFileType = sourcecode.swift; path = MainTabBarCoordinator.swift; sourceTree = "<group>"; };
		8AF23F2A2BC46913008A3944 /* MainTabBarCoordinatorFactory.swift */ = {isa = PBXFileReference; lastKnownFileType = sourcecode.swift; path = MainTabBarCoordinatorFactory.swift; sourceTree = "<group>"; };
		8AF23F2C2BC46F97008A3944 /* MainTabBarController.swift */ = {isa = PBXFileReference; lastKnownFileType = sourcecode.swift; path = MainTabBarController.swift; sourceTree = "<group>"; };
/* End PBXFileReference section */

/* Begin PBXFrameworksBuildPhase section */
		8A0BB86C2BC17C5400AF7326 /* Frameworks */ = {
			isa = PBXFrameworksBuildPhase;
			buildActionMask = 2147483647;
			files = (
			);
			runOnlyForDeploymentPostprocessing = 0;
		};
/* End PBXFrameworksBuildPhase section */

/* Begin PBXGroup section */
		8A0BB8662BC17C5400AF7326 = {
			isa = PBXGroup;
			children = (
				8A0BB8712BC17C5400AF7326 /* Warehouse */,
				8A0BB8702BC17C5400AF7326 /* Products */,
			);
			sourceTree = "<group>";
		};
		8A0BB8702BC17C5400AF7326 /* Products */ = {
			isa = PBXGroup;
			children = (
				8A0BB86F2BC17C5400AF7326 /* Warehouse.app */,
			);
			name = Products;
			sourceTree = "<group>";
		};
		8A0BB8712BC17C5400AF7326 /* Warehouse */ = {
			isa = PBXGroup;
			children = (
				8A54E05B2BC8375500D307EB /* Models */,
				8A0BB8872BC17CCE00AF7326 /* Application */,
				8AF23EEA2BC1B190008A3944 /* Protocols */,
				8A0BB88E2BC1828300AF7326 /* Parents */,
				8A0BB88A2BC180BF00AF7326 /* Flows */,
				8A0BB8862BC17CAB00AF7326 /* Supporting */,
			);
			path = Warehouse;
			sourceTree = "<group>";
		};
		8A0BB8862BC17CAB00AF7326 /* Supporting */ = {
			isa = PBXGroup;
			children = (
				8A0BB87B2BC17C5600AF7326 /* Assets.xcassets */,
				8A0BB87D2BC17C5600AF7326 /* LaunchScreen.storyboard */,
				8A0BB8802BC17C5600AF7326 /* Info.plist */,
			);
			path = Supporting;
			sourceTree = "<group>";
		};
		8A0BB8872BC17CCE00AF7326 /* Application */ = {
			isa = PBXGroup;
			children = (
				8A0BB8722BC17C5400AF7326 /* AppDelegate.swift */,
				8A0BB8882BC17F3300AF7326 /* SceneDelegate.swift */,
			);
			path = Application;
			sourceTree = "<group>";
		};
		8A0BB88A2BC180BF00AF7326 /* Flows */ = {
			isa = PBXGroup;
			children = (
				8AF23EFF2BC1FCF1008A3944 /* Application */,
				8A54E0512BC8361100D307EB /* LoginFlow */,
				8A54E02A2BC6EC2800D307EB /* OnboardingFlow */,
				8AF23F232BC4670D008A3944 /* MainTabBar */,
				8AF23F0F2BC40960008A3944 /* WelcomeScreen */,
			);
			path = Flows;
			sourceTree = "<group>";
		};
		8A0BB88E2BC1828300AF7326 /* Parents */ = {
			isa = PBXGroup;
			children = (
				8AF23F022BC2A1AC008A3944 /* ViewController.swift */,
				8AF23F042BC2A2EB008A3944 /* Presenter.swift */,
				8A0BB8912BC18F1A00AF7326 /* Coordinator.swift */,
				8AF23EED2BC1B782008A3944 /* Router.swift */,
			);
			path = Parents;
			sourceTree = "<group>";
		};
		8A54E02A2BC6EC2800D307EB /* OnboardingFlow */ = {
			isa = PBXGroup;
			children = (
				8A54E02B2BC6EC7900D307EB /* OnboardingCoordinator.swift */,
				8A54E02D2BC6EC8600D307EB /* OnboardingCoordinatorFactory.swift */,
				8A54E0302BC6ECC200D307EB /* OnboardingModuleFactory.swift */,
				8A54E02F2BC6EC8900D307EB /* Modules */,
			);
			path = OnboardingFlow;
			sourceTree = "<group>";
		};
		8A54E02F2BC6EC8900D307EB /* Modules */ = {
			isa = PBXGroup;
			children = (
				8A54E0322BC6ECD000D307EB /* OnboardingPresenter.swift */,
				8A54E0342BC6ECDF00D307EB /* OnboardingViewController.swift */,
			);
			path = Modules;
			sourceTree = "<group>";
		};
		8A54E0512BC8361100D307EB /* LoginFlow */ = {
			isa = PBXGroup;
			children = (
				8A54E0522BC8362600D307EB /* LoginCoordinator.swift */,
				8A54E0552BC836D600D307EB /* LoginModuleFactory.swift */,
				8A54E0542BC8363300D307EB /* Modules */,
			);
			path = LoginFlow;
			sourceTree = "<group>";
		};
		8A54E0542BC8363300D307EB /* Modules */ = {
			isa = PBXGroup;
			children = (
				8A54E0572BC8370A00D307EB /* EnterUsernamePresenter.swift */,
				8A54E0592BC8371400D307EB /* EnterUsernameViewController.swift */,
				8A54E05E2BC846A200D307EB /* EnterPasswordPresenter.swift */,
				8A54E0602BC846B500D307EB /* EnterPasswordViewController.swift */,
				8A54E0622BC863F700D307EB /* LoginSuccessPresenter.swift */,
				8A54E0642BC8640A00D307EB /* LoginSuccessViewController.swift */,
			);
			path = Modules;
			sourceTree = "<group>";
		};
		8A54E05B2BC8375500D307EB /* Models */ = {
			isa = PBXGroup;
			children = (
				8A54E05C2BC8376B00D307EB /* User.swift */,
			);
			path = Models;
			sourceTree = "<group>";
		};
		8AF23EEA2BC1B190008A3944 /* Protocols */ = {
			isa = PBXGroup;
			children = (
				8AF23EE82BC1B189008A3944 /* Module.swift */,
				8AF23EEB2BC1B1D3008A3944 /* Routable.swift */,
			);
			path = Protocols;
			sourceTree = "<group>";
		};
		8AF23EFF2BC1FCF1008A3944 /* Application */ = {
			isa = PBXGroup;
			children = (
				8A0BB8932BC18F8900AF7326 /* AppCoordinator.swift */,
				8AF23F212BC4575F008A3944 /* AppCoordinatorFactory.swift */,
			);
			path = Application;
			sourceTree = "<group>";
		};
		8AF23F0F2BC40960008A3944 /* WelcomeScreen */ = {
			isa = PBXGroup;
			children = (
				8AF23F1B2BC4447E008A3944 /* WelcomeScreenCoordinatorFactory.swift */,
				8AF23F102BC409D6008A3944 /* WelcomeScreenCoordinatorOutput.swift */,
				8AF23F122BC40A0C008A3944 /* WelcomeScreenCoordinator.swift */,
				8AF23F142BC40BA1008A3944 /* WelcomeScreenModule */,
			);
			path = WelcomeScreen;
			sourceTree = "<group>";
		};
		8AF23F142BC40BA1008A3944 /* WelcomeScreenModule */ = {
			isa = PBXGroup;
			children = (
				8AF23F1D2BC44B39008A3944 /* WelcomeScreenModuleFactory.swift */,
				8AF23F1F2BC44F42008A3944 /* WelcomeScreenModuleOutput.swift */,
				8AF23F172BC40BCC008A3944 /* WelcomeScreenView.swift */,
				8AF23F152BC40BBE008A3944 /* WelcomeScreenPresenter.swift */,
			);
			path = WelcomeScreenModule;
			sourceTree = "<group>";
		};
		8AF23F232BC4670D008A3944 /* MainTabBar */ = {
			isa = PBXGroup;
			children = (
				8AF23F2C2BC46F97008A3944 /* MainTabBarController.swift */,
				8AF23F2A2BC46913008A3944 /* MainTabBarCoordinatorFactory.swift */,
				8AF23F282BC4688C008A3944 /* MainTabBarCoordinator.swift */,
			);
			path = MainTabBar;
			sourceTree = "<group>";
		};
/* End PBXGroup section */

/* Begin PBXNativeTarget section */
		8A0BB86E2BC17C5400AF7326 /* Warehouse */ = {
			isa = PBXNativeTarget;
			buildConfigurationList = 8A0BB8832BC17C5600AF7326 /* Build configuration list for PBXNativeTarget "Warehouse" */;
			buildPhases = (
				8A0BB86B2BC17C5400AF7326 /* Sources */,
				8A0BB86C2BC17C5400AF7326 /* Frameworks */,
				8A0BB86D2BC17C5400AF7326 /* Resources */,
			);
			buildRules = (
			);
			dependencies = (
			);
			name = Warehouse;
			productName = Warehouse;
			productReference = 8A0BB86F2BC17C5400AF7326 /* Warehouse.app */;
			productType = "com.apple.product-type.application";
		};
/* End PBXNativeTarget section */

/* Begin PBXProject section */
		8A0BB8672BC17C5400AF7326 /* Project object */ = {
			isa = PBXProject;
			attributes = {
				BuildIndependentTargetsInParallel = 1;
				LastSwiftUpdateCheck = 1530;
				LastUpgradeCheck = 1530;
				TargetAttributes = {
					8A0BB86E2BC17C5400AF7326 = {
						CreatedOnToolsVersion = 15.3;
					};
				};
			};
			buildConfigurationList = 8A0BB86A2BC17C5400AF7326 /* Build configuration list for PBXProject "Warehouse" */;
			compatibilityVersion = "Xcode 14.0";
			developmentRegion = en;
			hasScannedForEncodings = 0;
			knownRegions = (
				en,
				Base,
			);
			mainGroup = 8A0BB8662BC17C5400AF7326;
			productRefGroup = 8A0BB8702BC17C5400AF7326 /* Products */;
			projectDirPath = "";
			projectRoot = "";
			targets = (
				8A0BB86E2BC17C5400AF7326 /* Warehouse */,
			);
		};
/* End PBXProject section */

/* Begin PBXResourcesBuildPhase section */
		8A0BB86D2BC17C5400AF7326 /* Resources */ = {
			isa = PBXResourcesBuildPhase;
			buildActionMask = 2147483647;
			files = (
				8A0BB87C2BC17C5600AF7326 /* Assets.xcassets in Resources */,
				8A0BB87F2BC17C5600AF7326 /* Base in Resources */,
			);
			runOnlyForDeploymentPostprocessing = 0;
		};
/* End PBXResourcesBuildPhase section */

/* Begin PBXSourcesBuildPhase section */
		8A0BB86B2BC17C5400AF7326 /* Sources */ = {
			isa = PBXSourcesBuildPhase;
			buildActionMask = 2147483647;
			files = (
				8AF23F292BC4688C008A3944 /* MainTabBarCoordinator.swift in Sources */,
				8A54E05F2BC846A200D307EB /* EnterPasswordPresenter.swift in Sources */,
				8AF23F182BC40BCC008A3944 /* WelcomeScreenView.swift in Sources */,
				8AF23F2D2BC46F97008A3944 /* MainTabBarController.swift in Sources */,
				8A54E0612BC846B500D307EB /* EnterPasswordViewController.swift in Sources */,
				8AF23F112BC409D6008A3944 /* WelcomeScreenCoordinatorOutput.swift in Sources */,
				8A54E0532BC8362600D307EB /* LoginCoordinator.swift in Sources */,
				8A54E05A2BC8371400D307EB /* EnterUsernameViewController.swift in Sources */,
				8AF23EEC2BC1B1D3008A3944 /* Routable.swift in Sources */,
				8AF23F222BC4575F008A3944 /* AppCoordinatorFactory.swift in Sources */,
				8A54E05D2BC8376B00D307EB /* User.swift in Sources */,
				8A0BB8942BC18F8900AF7326 /* AppCoordinator.swift in Sources */,
				8AF23F162BC40BBE008A3944 /* WelcomeScreenPresenter.swift in Sources */,
				8A54E0632BC863F700D307EB /* LoginSuccessPresenter.swift in Sources */,
				8AF23F032BC2A1AC008A3944 /* ViewController.swift in Sources */,
				8AF23EE92BC1B189008A3944 /* Module.swift in Sources */,
				8A54E0652BC8640A00D307EB /* LoginSuccessViewController.swift in Sources */,
				8A54E02C2BC6EC7900D307EB /* OnboardingCoordinator.swift in Sources */,
				8AF23EEE2BC1B782008A3944 /* Router.swift in Sources */,
				8A54E0352BC6ECDF00D307EB /* OnboardingViewController.swift in Sources */,
				8AF23F202BC44F42008A3944 /* WelcomeScreenModuleOutput.swift in Sources */,
				8AF23F1E2BC44B39008A3944 /* WelcomeScreenModuleFactory.swift in Sources */,
				8A54E0582BC8370A00D307EB /* EnterUsernamePresenter.swift in Sources */,
				8AF23F052BC2A2EB008A3944 /* Presenter.swift in Sources */,
				8A54E0332BC6ECD000D307EB /* OnboardingPresenter.swift in Sources */,
				8AF23F132BC40A0C008A3944 /* WelcomeScreenCoordinator.swift in Sources */,
				8AF23F2B2BC46913008A3944 /* MainTabBarCoordinatorFactory.swift in Sources */,
				8A0BB8922BC18F1A00AF7326 /* Coordinator.swift in Sources */,
				8A54E02E2BC6EC8600D307EB /* OnboardingCoordinatorFactory.swift in Sources */,
				8A0BB8732BC17C5400AF7326 /* AppDelegate.swift in Sources */,
				8A54E0562BC836D600D307EB /* LoginModuleFactory.swift in Sources */,
				8A0BB8892BC17F3300AF7326 /* SceneDelegate.swift in Sources */,
				8A54E0312BC6ECC200D307EB /* OnboardingModuleFactory.swift in Sources */,
				8AF23F1C2BC4447E008A3944 /* WelcomeScreenCoordinatorFactory.swift in Sources */,
			);
			runOnlyForDeploymentPostprocessing = 0;
		};
/* End PBXSourcesBuildPhase section */

/* Begin PBXVariantGroup section */
		8A0BB87D2BC17C5600AF7326 /* LaunchScreen.storyboard */ = {
			isa = PBXVariantGroup;
			children = (
				8A0BB87E2BC17C5600AF7326 /* Base */,
			);
			name = LaunchScreen.storyboard;
			sourceTree = "<group>";
		};
/* End PBXVariantGroup section */

/* Begin XCBuildConfiguration section */
		8A0BB8812BC17C5600AF7326 /* Debug */ = {
			isa = XCBuildConfiguration;
			buildSettings = {
				ALWAYS_SEARCH_USER_PATHS = NO;
				ASSETCATALOG_COMPILER_GENERATE_SWIFT_ASSET_SYMBOL_EXTENSIONS = YES;
				CLANG_ANALYZER_NONNULL = YES;
				CLANG_ANALYZER_NUMBER_OBJECT_CONVERSION = YES_AGGRESSIVE;
				CLANG_CXX_LANGUAGE_STANDARD = "gnu++20";
				CLANG_ENABLE_MODULES = YES;
				CLANG_ENABLE_OBJC_ARC = YES;
				CLANG_ENABLE_OBJC_WEAK = YES;
				CLANG_WARN_BLOCK_CAPTURE_AUTORELEASING = YES;
				CLANG_WARN_BOOL_CONVERSION = YES;
				CLANG_WARN_COMMA = YES;
				CLANG_WARN_CONSTANT_CONVERSION = YES;
				CLANG_WARN_DEPRECATED_OBJC_IMPLEMENTATIONS = YES;
				CLANG_WARN_DIRECT_OBJC_ISA_USAGE = YES_ERROR;
				CLANG_WARN_DOCUMENTATION_COMMENTS = YES;
				CLANG_WARN_EMPTY_BODY = YES;
				CLANG_WARN_ENUM_CONVERSION = YES;
				CLANG_WARN_INFINITE_RECURSION = YES;
				CLANG_WARN_INT_CONVERSION = YES;
				CLANG_WARN_NON_LITERAL_NULL_CONVERSION = YES;
				CLANG_WARN_OBJC_IMPLICIT_RETAIN_SELF = YES;
				CLANG_WARN_OBJC_LITERAL_CONVERSION = YES;
				CLANG_WARN_OBJC_ROOT_CLASS = YES_ERROR;
				CLANG_WARN_QUOTED_INCLUDE_IN_FRAMEWORK_HEADER = YES;
				CLANG_WARN_RANGE_LOOP_ANALYSIS = YES;
				CLANG_WARN_STRICT_PROTOTYPES = YES;
				CLANG_WARN_SUSPICIOUS_MOVE = YES;
				CLANG_WARN_UNGUARDED_AVAILABILITY = YES_AGGRESSIVE;
				CLANG_WARN_UNREACHABLE_CODE = YES;
				CLANG_WARN__DUPLICATE_METHOD_MATCH = YES;
				COPY_PHASE_STRIP = NO;
				DEBUG_INFORMATION_FORMAT = dwarf;
				ENABLE_STRICT_OBJC_MSGSEND = YES;
				ENABLE_TESTABILITY = YES;
				ENABLE_USER_SCRIPT_SANDBOXING = YES;
				GCC_C_LANGUAGE_STANDARD = gnu17;
				GCC_DYNAMIC_NO_PIC = NO;
				GCC_NO_COMMON_BLOCKS = YES;
				GCC_OPTIMIZATION_LEVEL = 0;
				GCC_PREPROCESSOR_DEFINITIONS = (
					"DEBUG=1",
					"$(inherited)",
				);
				GCC_WARN_64_TO_32_BIT_CONVERSION = YES;
				GCC_WARN_ABOUT_RETURN_TYPE = YES_ERROR;
				GCC_WARN_UNDECLARED_SELECTOR = YES;
				GCC_WARN_UNINITIALIZED_AUTOS = YES_AGGRESSIVE;
				GCC_WARN_UNUSED_FUNCTION = YES;
				GCC_WARN_UNUSED_VARIABLE = YES;
				IPHONEOS_DEPLOYMENT_TARGET = 17.4;
				LOCALIZATION_PREFERS_STRING_CATALOGS = YES;
				MTL_ENABLE_DEBUG_INFO = INCLUDE_SOURCE;
				MTL_FAST_MATH = YES;
				ONLY_ACTIVE_ARCH = YES;
				SDKROOT = iphoneos;
				SWIFT_ACTIVE_COMPILATION_CONDITIONS = "DEBUG $(inherited)";
				SWIFT_OPTIMIZATION_LEVEL = "-Onone";
			};
			name = Debug;
		};
		8A0BB8822BC17C5600AF7326 /* Release */ = {
			isa = XCBuildConfiguration;
			buildSettings = {
				ALWAYS_SEARCH_USER_PATHS = NO;
				ASSETCATALOG_COMPILER_GENERATE_SWIFT_ASSET_SYMBOL_EXTENSIONS = YES;
				CLANG_ANALYZER_NONNULL = YES;
				CLANG_ANALYZER_NUMBER_OBJECT_CONVERSION = YES_AGGRESSIVE;
				CLANG_CXX_LANGUAGE_STANDARD = "gnu++20";
				CLANG_ENABLE_MODULES = YES;
				CLANG_ENABLE_OBJC_ARC = YES;
				CLANG_ENABLE_OBJC_WEAK = YES;
				CLANG_WARN_BLOCK_CAPTURE_AUTORELEASING = YES;
				CLANG_WARN_BOOL_CONVERSION = YES;
				CLANG_WARN_COMMA = YES;
				CLANG_WARN_CONSTANT_CONVERSION = YES;
				CLANG_WARN_DEPRECATED_OBJC_IMPLEMENTATIONS = YES;
				CLANG_WARN_DIRECT_OBJC_ISA_USAGE = YES_ERROR;
				CLANG_WARN_DOCUMENTATION_COMMENTS = YES;
				CLANG_WARN_EMPTY_BODY = YES;
				CLANG_WARN_ENUM_CONVERSION = YES;
				CLANG_WARN_INFINITE_RECURSION = YES;
				CLANG_WARN_INT_CONVERSION = YES;
				CLANG_WARN_NON_LITERAL_NULL_CONVERSION = YES;
				CLANG_WARN_OBJC_IMPLICIT_RETAIN_SELF = YES;
				CLANG_WARN_OBJC_LITERAL_CONVERSION = YES;
				CLANG_WARN_OBJC_ROOT_CLASS = YES_ERROR;
				CLANG_WARN_QUOTED_INCLUDE_IN_FRAMEWORK_HEADER = YES;
				CLANG_WARN_RANGE_LOOP_ANALYSIS = YES;
				CLANG_WARN_STRICT_PROTOTYPES = YES;
				CLANG_WARN_SUSPICIOUS_MOVE = YES;
				CLANG_WARN_UNGUARDED_AVAILABILITY = YES_AGGRESSIVE;
				CLANG_WARN_UNREACHABLE_CODE = YES;
				CLANG_WARN__DUPLICATE_METHOD_MATCH = YES;
				COPY_PHASE_STRIP = NO;
				DEBUG_INFORMATION_FORMAT = "dwarf-with-dsym";
				ENABLE_NS_ASSERTIONS = NO;
				ENABLE_STRICT_OBJC_MSGSEND = YES;
				ENABLE_USER_SCRIPT_SANDBOXING = YES;
				GCC_C_LANGUAGE_STANDARD = gnu17;
				GCC_NO_COMMON_BLOCKS = YES;
				GCC_WARN_64_TO_32_BIT_CONVERSION = YES;
				GCC_WARN_ABOUT_RETURN_TYPE = YES_ERROR;
				GCC_WARN_UNDECLARED_SELECTOR = YES;
				GCC_WARN_UNINITIALIZED_AUTOS = YES_AGGRESSIVE;
				GCC_WARN_UNUSED_FUNCTION = YES;
				GCC_WARN_UNUSED_VARIABLE = YES;
				IPHONEOS_DEPLOYMENT_TARGET = 17.4;
				LOCALIZATION_PREFERS_STRING_CATALOGS = YES;
				MTL_ENABLE_DEBUG_INFO = NO;
				MTL_FAST_MATH = YES;
				SDKROOT = iphoneos;
				SWIFT_COMPILATION_MODE = wholemodule;
				VALIDATE_PRODUCT = YES;
			};
			name = Release;
		};
		8A0BB8842BC17C5600AF7326 /* Debug */ = {
			isa = XCBuildConfiguration;
			buildSettings = {
				ASSETCATALOG_COMPILER_APPICON_NAME = AppIcon;
				ASSETCATALOG_COMPILER_GLOBAL_ACCENT_COLOR_NAME = AccentColor;
				CODE_SIGN_STYLE = Automatic;
				CURRENT_PROJECT_VERSION = 1;
				GENERATE_INFOPLIST_FILE = YES;
				INFOPLIST_FILE = Warehouse/Supporting/Info.plist;
				INFOPLIST_KEY_UIApplicationSupportsIndirectInputEvents = YES;
				INFOPLIST_KEY_UILaunchStoryboardName = LaunchScreen;
				INFOPLIST_KEY_UISupportedInterfaceOrientations_iPad = "UIInterfaceOrientationPortrait UIInterfaceOrientationPortraitUpsideDown UIInterfaceOrientationLandscapeLeft UIInterfaceOrientationLandscapeRight";
				INFOPLIST_KEY_UISupportedInterfaceOrientations_iPhone = "UIInterfaceOrientationPortrait UIInterfaceOrientationLandscapeLeft UIInterfaceOrientationLandscapeRight";
				LD_RUNPATH_SEARCH_PATHS = (
					"$(inherited)",
					"@executable_path/Frameworks",
				);
				MARKETING_VERSION = 1.0;
				PRODUCT_BUNDLE_IDENTIFIER = unknown.Warehouse;
				PRODUCT_NAME = "$(TARGET_NAME)";
				SUPPORTED_PLATFORMS = "iphoneos iphonesimulator";
				SUPPORTS_MACCATALYST = NO;
				SUPPORTS_XR_DESIGNED_FOR_IPHONE_IPAD = NO;
				SWIFT_EMIT_LOC_STRINGS = YES;
				SWIFT_VERSION = 5.0;
				TARGETED_DEVICE_FAMILY = "1,2";
			};
			name = Debug;
		};
		8A0BB8852BC17C5600AF7326 /* Release */ = {
			isa = XCBuildConfiguration;
			buildSettings = {
				ASSETCATALOG_COMPILER_APPICON_NAME = AppIcon;
				ASSETCATALOG_COMPILER_GLOBAL_ACCENT_COLOR_NAME = AccentColor;
				CODE_SIGN_STYLE = Automatic;
				CURRENT_PROJECT_VERSION = 1;
				GENERATE_INFOPLIST_FILE = YES;
				INFOPLIST_FILE = Warehouse/Supporting/Info.plist;
				INFOPLIST_KEY_UIApplicationSupportsIndirectInputEvents = YES;
				INFOPLIST_KEY_UILaunchStoryboardName = LaunchScreen;
				INFOPLIST_KEY_UISupportedInterfaceOrientations_iPad = "UIInterfaceOrientationPortrait UIInterfaceOrientationPortraitUpsideDown UIInterfaceOrientationLandscapeLeft UIInterfaceOrientationLandscapeRight";
				INFOPLIST_KEY_UISupportedInterfaceOrientations_iPhone = "UIInterfaceOrientationPortrait UIInterfaceOrientationLandscapeLeft UIInterfaceOrientationLandscapeRight";
				LD_RUNPATH_SEARCH_PATHS = (
					"$(inherited)",
					"@executable_path/Frameworks",
				);
				MARKETING_VERSION = 1.0;
				PRODUCT_BUNDLE_IDENTIFIER = unknown.Warehouse;
				PRODUCT_NAME = "$(TARGET_NAME)";
				SUPPORTED_PLATFORMS = "iphoneos iphonesimulator";
				SUPPORTS_MACCATALYST = NO;
				SUPPORTS_XR_DESIGNED_FOR_IPHONE_IPAD = NO;
				SWIFT_EMIT_LOC_STRINGS = YES;
				SWIFT_VERSION = 5.0;
				TARGETED_DEVICE_FAMILY = "1,2";
			};
			name = Release;
		};
/* End XCBuildConfiguration section */

/* Begin XCConfigurationList section */
		8A0BB86A2BC17C5400AF7326 /* Build configuration list for PBXProject "Warehouse" */ = {
			isa = XCConfigurationList;
			buildConfigurations = (
				8A0BB8812BC17C5600AF7326 /* Debug */,
				8A0BB8822BC17C5600AF7326 /* Release */,
			);
			defaultConfigurationIsVisible = 0;
			defaultConfigurationName = Release;
		};
		8A0BB8832BC17C5600AF7326 /* Build configuration list for PBXNativeTarget "Warehouse" */ = {
			isa = XCConfigurationList;
			buildConfigurations = (
				8A0BB8842BC17C5600AF7326 /* Debug */,
				8A0BB8852BC17C5600AF7326 /* Release */,
			);
			defaultConfigurationIsVisible = 0;
			defaultConfigurationName = Release;
		};
/* End XCConfigurationList section */
	};
	rootObject = 8A0BB8672BC17C5400AF7326 /* Project object */;
}
